
Microsoft Visual Studio Solution File, Format Version 12.00
# Visual Studio Version 17
VisualStudioVersion = 17.7.34202.233
MinimumVisualStudioVersion = 10.0.40219.1
Project("{FAE04EC0-301F-11D3-BF4B-00C04F79EFBC}") = "KÖSTEBEK OYUNU", "KÖSTEBEK OYUNU.csproj", "{6CD25F5F-9236-4EA7-8134-42BE0D8A0012}"
EndProject
Global
	GlobalSection(SolutionConfigurationPlatforms) = preSolution
		Debug|Any CPU = Debug|Any CPU
		Release|Any CPU = Release|Any CPU
	EndGlobalSection
	GlobalSection(ProjectConfigurationPlatforms) = postSolution
		{6CD25F5F-9236-4EA7-8134-42BE0D8A0012}.Debug|Any CPU.ActiveCfg = Debug|Any CPU
		{6CD25F5F-9236-4EA7-8134-42BE0D8A0012}.Debug|Any CPU.Build.0 = Debug|Any CPU
		{6CD25F5F-9236-4EA7-8134-42BE0D8A0012}.Release|Any CPU.ActiveCfg = Release|Any CPU
		{6CD25F5F-9236-4EA7-8134-42BE0D8A0012}.Release|Any CPU.Build.0 = Release|Any CPU
	EndGlobalSection
	GlobalSection(SolutionProperties) = preSolution
		HideSolutionNode = FALSE
	EndGlobalSection
	GlobalSection(ExtensibilityGlobals) = postSolution
		SolutionGuid = {3DB7C398-0571-4681-94D0-12D476F4A261}
	EndGlobalSection
EndGlobal
